
Microsoft Visual Studio Solution File, Format Version 12.00
# Visual Studio 2012
Project("{FAE04EC0-301F-11D3-BF4B-00C04F79EFBC}") = "JQuery_Ajax", "JQuery_Ajax\JQuery_Ajax.csproj", "{A3EEEFD1-8838-490E-8355-710A21E8B6B8}"
EndProject
Global
	GlobalSection(SolutionConfigurationPlatforms) = preSolution
		Debug|Any CPU = Debug|Any CPU
		Release|Any CPU = Release|Any CPU
	EndGlobalSection
	GlobalSection(ProjectConfigurationPlatforms) = postSolution
		{A3EEEFD1-8838-490E-8355-710A21E8B6B8}.Debug|Any CPU.ActiveCfg = Debug|Any CPU
		{A3EEEFD1-8838-490E-8355-710A21E8B6B8}.Debug|Any CPU.Build.0 = Debug|Any CPU
		{A3EEEFD1-8838-490E-8355-710A21E8B6B8}.Release|Any CPU.ActiveCfg = Release|Any CPU
		{A3EEEFD1-8838-490E-8355-710A21E8B6B8}.Release|Any CPU.Build.0 = Release|Any CPU
	EndGlobalSection
	GlobalSection(SolutionProperties) = preSolution
		HideSolutionNode = FALSE
	EndGlobalSection
EndGlobal
