
Microsoft Visual Studio Solution File, Format Version 12.00
# Visual Studio 2012
Project("{FAE04EC0-301F-11D3-BF4B-00C04F79EFBC}") = "WCF_CalculateService", "WCF_CalculateService\WCF_CalculateService.csproj", "{4BF2029B-A546-497C-AAE0-B9BA82B13A87}"
EndProject
Project("{FAE04EC0-301F-11D3-BF4B-00C04F79EFBC}") = "Client", "Client\Client.csproj", "{AE366EDF-068B-4078-85EA-BB30C3E29661}"
	ProjectSection(ProjectDependencies) = postProject
		{4BF2029B-A546-497C-AAE0-B9BA82B13A87} = {4BF2029B-A546-497C-AAE0-B9BA82B13A87}
	EndProjectSection
EndProject
Global
	GlobalSection(SolutionConfigurationPlatforms) = preSolution
		Debug|Any CPU = Debug|Any CPU
		Release|Any CPU = Release|Any CPU
	EndGlobalSection
	GlobalSection(ProjectConfigurationPlatforms) = postSolution
		{4BF2029B-A546-497C-AAE0-B9BA82B13A87}.Debug|Any CPU.ActiveCfg = Debug|Any CPU
		{4BF2029B-A546-497C-AAE0-B9BA82B13A87}.Debug|Any CPU.Build.0 = Debug|Any CPU
		{4BF2029B-A546-497C-AAE0-B9BA82B13A87}.Release|Any CPU.ActiveCfg = Release|Any CPU
		{4BF2029B-A546-497C-AAE0-B9BA82B13A87}.Release|Any CPU.Build.0 = Release|Any CPU
		{AE366EDF-068B-4078-85EA-BB30C3E29661}.Debug|Any CPU.ActiveCfg = Debug|Any CPU
		{AE366EDF-068B-4078-85EA-BB30C3E29661}.Debug|Any CPU.Build.0 = Debug|Any CPU
		{AE366EDF-068B-4078-85EA-BB30C3E29661}.Release|Any CPU.ActiveCfg = Release|Any CPU
		{AE366EDF-068B-4078-85EA-BB30C3E29661}.Release|Any CPU.Build.0 = Release|Any CPU
	EndGlobalSection
	GlobalSection(SolutionProperties) = preSolution
		HideSolutionNode = FALSE
	EndGlobalSection
EndGlobal
