
Microsoft Visual Studio Solution File, Format Version 12.00
# Visual Studio 2012
Project("{FAE04EC0-301F-11D3-BF4B-00C04F79EFBC}") = "CaseStudyBankAccounts", "CaseStudyBankAccounts.csproj", "{EA242D5A-687D-4635-9719-26C399935FD0}"
EndProject
Global
	GlobalSection(SolutionConfigurationPlatforms) = preSolution
		Debug|Any CPU = Debug|Any CPU
		Release|Any CPU = Release|Any CPU
	EndGlobalSection
	GlobalSection(ProjectConfigurationPlatforms) = postSolution
		{EA242D5A-687D-4635-9719-26C399935FD0}.Debug|Any CPU.ActiveCfg = Debug|Any CPU
		{EA242D5A-687D-4635-9719-26C399935FD0}.Debug|Any CPU.Build.0 = Debug|Any CPU
		{EA242D5A-687D-4635-9719-26C399935FD0}.Release|Any CPU.ActiveCfg = Release|Any CPU
		{EA242D5A-687D-4635-9719-26C399935FD0}.Release|Any CPU.Build.0 = Release|Any CPU
	EndGlobalSection
	GlobalSection(SolutionProperties) = preSolution
		HideSolutionNode = FALSE
	EndGlobalSection
EndGlobal
