
Microsoft Visual Studio Solution File, Format Version 12.00
# Visual Studio 2012
Project("{FAE04EC0-301F-11D3-BF4B-00C04F79EFBC}") = "HandsOnAngularJS", "HandsOnAngularJS\HandsOnAngularJS.csproj", "{FDB45C1E-292E-496D-B859-4B97FBD7011B}"
EndProject
Global
	GlobalSection(SolutionConfigurationPlatforms) = preSolution
		Debug|Any CPU = Debug|Any CPU
		Release|Any CPU = Release|Any CPU
	EndGlobalSection
	GlobalSection(ProjectConfigurationPlatforms) = postSolution
		{FDB45C1E-292E-496D-B859-4B97FBD7011B}.Debug|Any CPU.ActiveCfg = Debug|Any CPU
		{FDB45C1E-292E-496D-B859-4B97FBD7011B}.Debug|Any CPU.Build.0 = Debug|Any CPU
		{FDB45C1E-292E-496D-B859-4B97FBD7011B}.Release|Any CPU.ActiveCfg = Release|Any CPU
		{FDB45C1E-292E-496D-B859-4B97FBD7011B}.Release|Any CPU.Build.0 = Release|Any CPU
	EndGlobalSection
	GlobalSection(SolutionProperties) = preSolution
		HideSolutionNode = FALSE
	EndGlobalSection
EndGlobal
