
Microsoft Visual Studio Solution File, Format Version 12.00
# Visual Studio 2012
Project("{FAE04EC0-301F-11D3-BF4B-00C04F79EFBC}") = "WebApplication3", "WebApplication3\WebApplication3.csproj", "{FED9B7AF-A0A2-490A-946B-8981CEE24308}"
EndProject
Global
	GlobalSection(SolutionConfigurationPlatforms) = preSolution
		Debug|Any CPU = Debug|Any CPU
		Release|Any CPU = Release|Any CPU
	EndGlobalSection
	GlobalSection(ProjectConfigurationPlatforms) = postSolution
		{FED9B7AF-A0A2-490A-946B-8981CEE24308}.Debug|Any CPU.ActiveCfg = Debug|Any CPU
		{FED9B7AF-A0A2-490A-946B-8981CEE24308}.Debug|Any CPU.Build.0 = Debug|Any CPU
		{FED9B7AF-A0A2-490A-946B-8981CEE24308}.Release|Any CPU.ActiveCfg = Release|Any CPU
		{FED9B7AF-A0A2-490A-946B-8981CEE24308}.Release|Any CPU.Build.0 = Release|Any CPU
	EndGlobalSection
	GlobalSection(SolutionProperties) = preSolution
		HideSolutionNode = FALSE
	EndGlobalSection
EndGlobal
