
Microsoft Visual Studio Solution File, Format Version 12.00
# Visual Studio 2012
Project("{FAE04EC0-301F-11D3-BF4B-00C04F79EFBC}") = "HandsOnProperties", "HandsOnProperties.csproj", "{6C338CA0-5F1E-4D5D-B383-E44541D3EE73}"
EndProject
Global
	GlobalSection(SolutionConfigurationPlatforms) = preSolution
		Debug|Any CPU = Debug|Any CPU
		Release|Any CPU = Release|Any CPU
	EndGlobalSection
	GlobalSection(ProjectConfigurationPlatforms) = postSolution
		{6C338CA0-5F1E-4D5D-B383-E44541D3EE73}.Debug|Any CPU.ActiveCfg = Debug|Any CPU
		{6C338CA0-5F1E-4D5D-B383-E44541D3EE73}.Debug|Any CPU.Build.0 = Debug|Any CPU
		{6C338CA0-5F1E-4D5D-B383-E44541D3EE73}.Release|Any CPU.ActiveCfg = Release|Any CPU
		{6C338CA0-5F1E-4D5D-B383-E44541D3EE73}.Release|Any CPU.Build.0 = Release|Any CPU
	EndGlobalSection
	GlobalSection(SolutionProperties) = preSolution
		HideSolutionNode = FALSE
	EndGlobalSection
EndGlobal
