
Microsoft Visual Studio Solution File, Format Version 12.00
# Visual Studio 2012
Project("{FAE04EC0-301F-11D3-BF4B-00C04F79EFBC}") = "HandsOnClientSideValidation", "HandsOnClientSideValidation\HandsOnClientSideValidation.csproj", "{EB9283F5-A9D5-4550-B3DE-6A1E4C5FDCBB}"
EndProject
Global
	GlobalSection(SolutionConfigurationPlatforms) = preSolution
		Debug|Any CPU = Debug|Any CPU
		Release|Any CPU = Release|Any CPU
	EndGlobalSection
	GlobalSection(ProjectConfigurationPlatforms) = postSolution
		{EB9283F5-A9D5-4550-B3DE-6A1E4C5FDCBB}.Debug|Any CPU.ActiveCfg = Debug|Any CPU
		{EB9283F5-A9D5-4550-B3DE-6A1E4C5FDCBB}.Debug|Any CPU.Build.0 = Debug|Any CPU
		{EB9283F5-A9D5-4550-B3DE-6A1E4C5FDCBB}.Release|Any CPU.ActiveCfg = Release|Any CPU
		{EB9283F5-A9D5-4550-B3DE-6A1E4C5FDCBB}.Release|Any CPU.Build.0 = Release|Any CPU
	EndGlobalSection
	GlobalSection(SolutionProperties) = preSolution
		HideSolutionNode = FALSE
	EndGlobalSection
EndGlobal
