
Microsoft Visual Studio Solution File, Format Version 12.00
# Visual Studio 2012
Project("{FAE04EC0-301F-11D3-BF4B-00C04F79EFBC}") = "LenProject", "LenProject\LenProject.csproj", "{D7C09C61-5D50-4633-8E86-6D0DECBBF716}"
EndProject
Project("{FAE04EC0-301F-11D3-BF4B-00C04F79EFBC}") = "LenProject2", "LenProject2\LenProject2.csproj", "{FE27776A-CC76-4279-B00B-7CB1A72BBE91}"
EndProject
Global
	GlobalSection(SolutionConfigurationPlatforms) = preSolution
		Debug|Any CPU = Debug|Any CPU
		Release|Any CPU = Release|Any CPU
	EndGlobalSection
	GlobalSection(ProjectConfigurationPlatforms) = postSolution
		{D7C09C61-5D50-4633-8E86-6D0DECBBF716}.Debug|Any CPU.ActiveCfg = Debug|Any CPU
		{D7C09C61-5D50-4633-8E86-6D0DECBBF716}.Debug|Any CPU.Build.0 = Debug|Any CPU
		{D7C09C61-5D50-4633-8E86-6D0DECBBF716}.Release|Any CPU.ActiveCfg = Release|Any CPU
		{D7C09C61-5D50-4633-8E86-6D0DECBBF716}.Release|Any CPU.Build.0 = Release|Any CPU
		{FE27776A-CC76-4279-B00B-7CB1A72BBE91}.Debug|Any CPU.ActiveCfg = Debug|Any CPU
		{FE27776A-CC76-4279-B00B-7CB1A72BBE91}.Debug|Any CPU.Build.0 = Debug|Any CPU
		{FE27776A-CC76-4279-B00B-7CB1A72BBE91}.Release|Any CPU.ActiveCfg = Release|Any CPU
		{FE27776A-CC76-4279-B00B-7CB1A72BBE91}.Release|Any CPU.Build.0 = Release|Any CPU
	EndGlobalSection
	GlobalSection(SolutionProperties) = preSolution
		HideSolutionNode = FALSE
	EndGlobalSection
EndGlobal
