
Microsoft Visual Studio Solution File, Format Version 12.00
# Visual Studio 2012
Project("{FAE04EC0-301F-11D3-BF4B-00C04F79EFBC}") = "HandsOnReadOnly", "HandsOnReadOnly\HandsOnReadOnly.csproj", "{9B896E7A-673E-497D-8549-BFB423FECA86}"
EndProject
Global
	GlobalSection(SolutionConfigurationPlatforms) = preSolution
		Debug|Any CPU = Debug|Any CPU
		Release|Any CPU = Release|Any CPU
	EndGlobalSection
	GlobalSection(ProjectConfigurationPlatforms) = postSolution
		{9B896E7A-673E-497D-8549-BFB423FECA86}.Debug|Any CPU.ActiveCfg = Debug|Any CPU
		{9B896E7A-673E-497D-8549-BFB423FECA86}.Debug|Any CPU.Build.0 = Debug|Any CPU
		{9B896E7A-673E-497D-8549-BFB423FECA86}.Release|Any CPU.ActiveCfg = Release|Any CPU
		{9B896E7A-673E-497D-8549-BFB423FECA86}.Release|Any CPU.Build.0 = Release|Any CPU
	EndGlobalSection
	GlobalSection(SolutionProperties) = preSolution
		HideSolutionNode = FALSE
	EndGlobalSection
EndGlobal
