
Microsoft Visual Studio Solution File, Format Version 12.00
# Visual Studio 2012
Project("{FAE04EC0-301F-11D3-BF4B-00C04F79EFBC}") = "AssetManagementProject.DataAccesLayer", "AssetManagementProject\AssetManagementProject.DataAccesLayer.csproj", "{8526DBE2-8BFD-478F-A3EE-B55984D51502}"
EndProject
Project("{FAE04EC0-301F-11D3-BF4B-00C04F79EFBC}") = "AssetManagementProject.BusinessLayer", "AssetManagementProject.BusinessLayer\AssetManagementProject.BusinessLayer.csproj", "{FB98579F-1B45-41DC-AE76-A80F76EC4521}"
EndProject
Project("{FAE04EC0-301F-11D3-BF4B-00C04F79EFBC}") = "AssetManagementProject.UI", "WebApplication2\AssetManagementProject.UI.csproj", "{CE38AD9C-D79D-45A4-9A79-C09448C35C98}"
EndProject
Global
	GlobalSection(SolutionConfigurationPlatforms) = preSolution
		Debug|Any CPU = Debug|Any CPU
		Release|Any CPU = Release|Any CPU
	EndGlobalSection
	GlobalSection(ProjectConfigurationPlatforms) = postSolution
		{8526DBE2-8BFD-478F-A3EE-B55984D51502}.Debug|Any CPU.ActiveCfg = Debug|Any CPU
		{8526DBE2-8BFD-478F-A3EE-B55984D51502}.Debug|Any CPU.Build.0 = Debug|Any CPU
		{8526DBE2-8BFD-478F-A3EE-B55984D51502}.Release|Any CPU.ActiveCfg = Release|Any CPU
		{8526DBE2-8BFD-478F-A3EE-B55984D51502}.Release|Any CPU.Build.0 = Release|Any CPU
		{FB98579F-1B45-41DC-AE76-A80F76EC4521}.Debug|Any CPU.ActiveCfg = Debug|Any CPU
		{FB98579F-1B45-41DC-AE76-A80F76EC4521}.Debug|Any CPU.Build.0 = Debug|Any CPU
		{FB98579F-1B45-41DC-AE76-A80F76EC4521}.Release|Any CPU.ActiveCfg = Release|Any CPU
		{FB98579F-1B45-41DC-AE76-A80F76EC4521}.Release|Any CPU.Build.0 = Release|Any CPU
		{CE38AD9C-D79D-45A4-9A79-C09448C35C98}.Debug|Any CPU.ActiveCfg = Debug|Any CPU
		{CE38AD9C-D79D-45A4-9A79-C09448C35C98}.Debug|Any CPU.Build.0 = Debug|Any CPU
		{CE38AD9C-D79D-45A4-9A79-C09448C35C98}.Debug|Any CPU.Deploy.0 = Debug|Any CPU
		{CE38AD9C-D79D-45A4-9A79-C09448C35C98}.Release|Any CPU.ActiveCfg = Release|Any CPU
		{CE38AD9C-D79D-45A4-9A79-C09448C35C98}.Release|Any CPU.Build.0 = Release|Any CPU
	EndGlobalSection
	GlobalSection(SolutionProperties) = preSolution
		HideSolutionNode = FALSE
	EndGlobalSection
EndGlobal
