
Microsoft Visual Studio Solution File, Format Version 12.00
# Visual Studio 2012
Project("{FAE04EC0-301F-11D3-BF4B-00C04F79EFBC}") = "PropertiesAssignment", "PropertiesAssignment.csproj", "{7E2C4ED3-BF7E-41E9-97CF-D78BE24FF065}"
EndProject
Global
	GlobalSection(SolutionConfigurationPlatforms) = preSolution
		Debug|Any CPU = Debug|Any CPU
		Release|Any CPU = Release|Any CPU
	EndGlobalSection
	GlobalSection(ProjectConfigurationPlatforms) = postSolution
		{7E2C4ED3-BF7E-41E9-97CF-D78BE24FF065}.Debug|Any CPU.ActiveCfg = Debug|Any CPU
		{7E2C4ED3-BF7E-41E9-97CF-D78BE24FF065}.Debug|Any CPU.Build.0 = Debug|Any CPU
		{7E2C4ED3-BF7E-41E9-97CF-D78BE24FF065}.Release|Any CPU.ActiveCfg = Release|Any CPU
		{7E2C4ED3-BF7E-41E9-97CF-D78BE24FF065}.Release|Any CPU.Build.0 = Release|Any CPU
	EndGlobalSection
	GlobalSection(SolutionProperties) = preSolution
		HideSolutionNode = FALSE
	EndGlobalSection
EndGlobal
