
Microsoft Visual Studio Solution File, Format Version 12.00
# Visual Studio 2012
Project("{FAE04EC0-301F-11D3-BF4B-00C04F79EFBC}") = "HandsOnReadingValues", "HandsOnReadingValues.csproj", "{DA6544B0-2F1D-48AB-BEA4-389985DEF516}"
EndProject
Global
	GlobalSection(SolutionConfigurationPlatforms) = preSolution
		Debug|Any CPU = Debug|Any CPU
		Release|Any CPU = Release|Any CPU
	EndGlobalSection
	GlobalSection(ProjectConfigurationPlatforms) = postSolution
		{DA6544B0-2F1D-48AB-BEA4-389985DEF516}.Debug|Any CPU.ActiveCfg = Debug|Any CPU
		{DA6544B0-2F1D-48AB-BEA4-389985DEF516}.Debug|Any CPU.Build.0 = Debug|Any CPU
		{DA6544B0-2F1D-48AB-BEA4-389985DEF516}.Release|Any CPU.ActiveCfg = Release|Any CPU
		{DA6544B0-2F1D-48AB-BEA4-389985DEF516}.Release|Any CPU.Build.0 = Release|Any CPU
	EndGlobalSection
	GlobalSection(SolutionProperties) = preSolution
		HideSolutionNode = FALSE
	EndGlobalSection
EndGlobal
