
Microsoft Visual Studio Solution File, Format Version 12.00
# Visual Studio 2012
Project("{FAE04EC0-301F-11D3-BF4B-00C04F79EFBC}") = "HandsOnLinqtoSql", "HandsOnLinqtoSql\HandsOnLinqtoSql.csproj", "{AEA50EC0-0E15-4DB7-A542-39DBF02EF4ED}"
EndProject
Global
	GlobalSection(SolutionConfigurationPlatforms) = preSolution
		Debug|Any CPU = Debug|Any CPU
		Release|Any CPU = Release|Any CPU
	EndGlobalSection
	GlobalSection(ProjectConfigurationPlatforms) = postSolution
		{AEA50EC0-0E15-4DB7-A542-39DBF02EF4ED}.Debug|Any CPU.ActiveCfg = Debug|Any CPU
		{AEA50EC0-0E15-4DB7-A542-39DBF02EF4ED}.Debug|Any CPU.Build.0 = Debug|Any CPU
		{AEA50EC0-0E15-4DB7-A542-39DBF02EF4ED}.Release|Any CPU.ActiveCfg = Release|Any CPU
		{AEA50EC0-0E15-4DB7-A542-39DBF02EF4ED}.Release|Any CPU.Build.0 = Release|Any CPU
	EndGlobalSection
	GlobalSection(SolutionProperties) = preSolution
		HideSolutionNode = FALSE
	EndGlobalSection
EndGlobal
